
Microsoft Visual Studio Solution File, Format Version 12.00
# Visual Studio Version 17
VisualStudioVersion = 17.3.32901.215
MinimumVisualStudioVersion = 10.0.40219.1
Project("{FAE04EC0-301F-11D3-BF4B-00C04F79EFBC}") = "form13", "form13\form13.csproj", "{21C96482-AEC7-4763-9102-1EEA5E84FAD6}"
EndProject
Global
	GlobalSection(SolutionConfigurationPlatforms) = preSolution
		Debug|Any CPU = Debug|Any CPU
		Release|Any CPU = Release|Any CPU
	EndGlobalSection
	GlobalSection(ProjectConfigurationPlatforms) = postSolution
		{21C96482-AEC7-4763-9102-1EEA5E84FAD6}.Debug|Any CPU.ActiveCfg = Debug|Any CPU
		{21C96482-AEC7-4763-9102-1EEA5E84FAD6}.Debug|Any CPU.Build.0 = Debug|Any CPU
		{21C96482-AEC7-4763-9102-1EEA5E84FAD6}.Release|Any CPU.ActiveCfg = Release|Any CPU
		{21C96482-AEC7-4763-9102-1EEA5E84FAD6}.Release|Any CPU.Build.0 = Release|Any CPU
	EndGlobalSection
	GlobalSection(SolutionProperties) = preSolution
		HideSolutionNode = FALSE
	EndGlobalSection
	GlobalSection(ExtensibilityGlobals) = postSolution
		SolutionGuid = {760045A6-5C13-46F5-9F48-2A183089A0CF}
	EndGlobalSection
EndGlobal
